
Microsoft Visual Studio Solution File, Format Version 12.00
# Visual Studio Version 16
VisualStudioVersion = 16.0.30523.141
MinimumVisualStudioVersion = 10.0.40219.1
Project("{9A19103F-16F7-4668-BE54-9A1E7A4F7556}") = "Server", "backend\Server\Server.csproj", "{606A0ECB-4FE7-4CAB-8ADD-ADBB8D22408F}"
EndProject
Project("{9A19103F-16F7-4668-BE54-9A1E7A4F7556}") = "TestClient", "backend\TestClient\TestClient.csproj", "{7ABFCDBA-B063-4A70-871A-A7CF9E50C38B}"
EndProject
Global
	GlobalSection(SolutionConfigurationPlatforms) = preSolution
		Debug|Any CPU = Debug|Any CPU
		Release|Any CPU = Release|Any CPU
	EndGlobalSection
	GlobalSection(ProjectConfigurationPlatforms) = postSolution
		{606A0ECB-4FE7-4CAB-8ADD-ADBB8D22408F}.Debug|Any CPU.ActiveCfg = Debug|Any CPU
		{606A0ECB-4FE7-4CAB-8ADD-ADBB8D22408F}.Debug|Any CPU.Build.0 = Debug|Any CPU
		{606A0ECB-4FE7-4CAB-8ADD-ADBB8D22408F}.Release|Any CPU.ActiveCfg = Release|Any CPU
		{606A0ECB-4FE7-4CAB-8ADD-ADBB8D22408F}.Release|Any CPU.Build.0 = Release|Any CPU
		{7ABFCDBA-B063-4A70-871A-A7CF9E50C38B}.Debug|Any CPU.ActiveCfg = Debug|Any CPU
		{7ABFCDBA-B063-4A70-871A-A7CF9E50C38B}.Debug|Any CPU.Build.0 = Debug|Any CPU
		{7ABFCDBA-B063-4A70-871A-A7CF9E50C38B}.Release|Any CPU.ActiveCfg = Release|Any CPU
		{7ABFCDBA-B063-4A70-871A-A7CF9E50C38B}.Release|Any CPU.Build.0 = Release|Any CPU
	EndGlobalSection
	GlobalSection(SolutionProperties) = preSolution
		HideSolutionNode = FALSE
	EndGlobalSection
	GlobalSection(ExtensibilityGlobals) = postSolution
		SolutionGuid = {A94ECA40-40D5-45BE-9DD2-0EF1C117086F}
	EndGlobalSection
EndGlobal
